
Microsoft Visual Studio Solution File, Format Version 12.00
# Visual Studio 15
VisualStudioVersion = 15.0.27703.2035
MinimumVisualStudioVersion = 10.0.40219.1
Project("{FAE04EC0-301F-11D3-BF4B-00C04F79EFBC}") = "TicketsCoreApplication", "TicketsCoreApplication\TicketsCoreApplication.csproj", "{F70690D5-B7FA-446F-8BCF-B612F5E3820A}"
EndProject
Project("{FAE04EC0-301F-11D3-BF4B-00C04F79EFBC}") = "TicketsCoreApplication.Models", "TicketsCoreApplication.Model\TicketsCoreApplication.Models.csproj", "{AA503F84-57CC-4E88-9889-DCE0F3B549AA}"
EndProject
Project("{FAE04EC0-301F-11D3-BF4B-00C04F79EFBC}") = "TicketsCoreApplication.Web", "TicketsCoreApplication.Web\TicketsCoreApplication.Web.csproj", "{3F3944D6-ACDD-4D7C-9B6D-0D78AAAAEBD6}"
EndProject
Project("{FAE04EC0-301F-11D3-BF4B-00C04F79EFBC}") = "TicketsCoreApplication.IntegrationTest", "TicketsCoreApplication.Test\TicketsCoreApplication.IntegrationTest.csproj", "{0313CB63-4473-4CF9-9D21-5F7EEFC7D10B}"
EndProject
Global
	GlobalSection(SolutionConfigurationPlatforms) = preSolution
		Debug|Any CPU = Debug|Any CPU
		Release|Any CPU = Release|Any CPU
	EndGlobalSection
	GlobalSection(ProjectConfigurationPlatforms) = postSolution
		{F70690D5-B7FA-446F-8BCF-B612F5E3820A}.Debug|Any CPU.ActiveCfg = Debug|Any CPU
		{F70690D5-B7FA-446F-8BCF-B612F5E3820A}.Debug|Any CPU.Build.0 = Debug|Any CPU
		{F70690D5-B7FA-446F-8BCF-B612F5E3820A}.Release|Any CPU.ActiveCfg = Release|Any CPU
		{F70690D5-B7FA-446F-8BCF-B612F5E3820A}.Release|Any CPU.Build.0 = Release|Any CPU
		{AA503F84-57CC-4E88-9889-DCE0F3B549AA}.Debug|Any CPU.ActiveCfg = Debug|Any CPU
		{AA503F84-57CC-4E88-9889-DCE0F3B549AA}.Debug|Any CPU.Build.0 = Debug|Any CPU
		{AA503F84-57CC-4E88-9889-DCE0F3B549AA}.Release|Any CPU.ActiveCfg = Release|Any CPU
		{AA503F84-57CC-4E88-9889-DCE0F3B549AA}.Release|Any CPU.Build.0 = Release|Any CPU
		{3F3944D6-ACDD-4D7C-9B6D-0D78AAAAEBD6}.Debug|Any CPU.ActiveCfg = Debug|Any CPU
		{3F3944D6-ACDD-4D7C-9B6D-0D78AAAAEBD6}.Debug|Any CPU.Build.0 = Debug|Any CPU
		{3F3944D6-ACDD-4D7C-9B6D-0D78AAAAEBD6}.Release|Any CPU.ActiveCfg = Release|Any CPU
		{3F3944D6-ACDD-4D7C-9B6D-0D78AAAAEBD6}.Release|Any CPU.Build.0 = Release|Any CPU
		{0313CB63-4473-4CF9-9D21-5F7EEFC7D10B}.Debug|Any CPU.ActiveCfg = Debug|Any CPU
		{0313CB63-4473-4CF9-9D21-5F7EEFC7D10B}.Debug|Any CPU.Build.0 = Debug|Any CPU
		{0313CB63-4473-4CF9-9D21-5F7EEFC7D10B}.Release|Any CPU.ActiveCfg = Release|Any CPU
		{0313CB63-4473-4CF9-9D21-5F7EEFC7D10B}.Release|Any CPU.Build.0 = Release|Any CPU
	EndGlobalSection
	GlobalSection(SolutionProperties) = preSolution
		HideSolutionNode = FALSE
	EndGlobalSection
	GlobalSection(ExtensibilityGlobals) = postSolution
		SolutionGuid = {B21C21F3-E6E4-4794-9C9D-835D1C0DB6D8}
	EndGlobalSection
EndGlobal
